// !$*UTF8*$!
{
	archiveVersion = 1;
	classes = {
	};
	objectVersion = 46;
	objects = {

/* Begin PBXBuildFile section */
		C100FFB71DEBE62500864C30 /* EquipableItems.swift in Sources */ = {isa = PBXBuildFile; fileRef = C140C0481DE70701009BB4E4 /* EquipableItems.swift */; };
		C100FFB81DEBE63100864C30 /* utilities.swift in Sources */ = {isa = PBXBuildFile; fileRef = C13EEBAD1DE7E1B500BC40F7 /* utilities.swift */; };
		C1071FEF1DEAA2E600DB6D36 /* TODO.rtf in Resources */ = {isa = PBXBuildFile; fileRef = C1071FEE1DEAA2E600DB6D36 /* TODO.rtf */; };
		C13EEBAE1DE7E1B500BC40F7 /* utilities.swift in Sources */ = {isa = PBXBuildFile; fileRef = C13EEBAD1DE7E1B500BC40F7 /* utilities.swift */; };
		C140C0401DE69B1E009BB4E4 /* main.swift in Sources */ = {isa = PBXBuildFile; fileRef = C140C03F1DE69B1E009BB4E4 /* main.swift */; };
		C140C0451DE6F045009BB4E4 /* tests.swift in Sources */ = {isa = PBXBuildFile; fileRef = C140C0441DE6F045009BB4E4 /* tests.swift */; };
		C140C0471DE6F0B4009BB4E4 /* protocls.swift in Sources */ = {isa = PBXBuildFile; fileRef = C140C0461DE6F0B4009BB4E4 /* protocls.swift */; };
		C140C0491DE70701009BB4E4 /* EquipableItems.swift in Sources */ = {isa = PBXBuildFile; fileRef = C140C0481DE70701009BB4E4 /* EquipableItems.swift */; };
		C14487711DDFB4300037F7E4 /* Assets.xcassets in Resources */ = {isa = PBXBuildFile; fileRef = C14487701DDFB4300037F7E4 /* Assets.xcassets */; };
		C14487741DDFB4300037F7E4 /* LaunchScreen.storyboard in Resources */ = {isa = PBXBuildFile; fileRef = C14487721DDFB4300037F7E4 /* LaunchScreen.storyboard */; };
		C144877F1DDFB4300037F7E4 /* Game_EditorTests.swift in Sources */ = {isa = PBXBuildFile; fileRef = C144877E1DDFB4300037F7E4 /* Game_EditorTests.swift */; };
		C1476A671DE50F5800200925 /* MinMax.swift in Sources */ = {isa = PBXBuildFile; fileRef = C1476A661DE50F5800200925 /* MinMax.swift */; };
		C18727641DED37EC00129638 /* AlertTimer.swift in Sources */ = {isa = PBXBuildFile; fileRef = C18727631DED37EC00129638 /* AlertTimer.swift */; };
		C18727661DED383400129638 /* UDEF.swift in Sources */ = {isa = PBXBuildFile; fileRef = C18727651DED383400129638 /* UDEF.swift */; };
		C18727671DED383400129638 /* UDEF.swift in Sources */ = {isa = PBXBuildFile; fileRef = C18727651DED383400129638 /* UDEF.swift */; };
		C19F964A1DFC0F58001EAEFE /* ItemControllers.swift in Sources */ = {isa = PBXBuildFile; fileRef = C19F96491DFC0F58001EAEFE /* ItemControllers.swift */; };
		C19F964C1DFC1D7E001EAEFE /* ItemCtrlrUtilities.swift in Sources */ = {isa = PBXBuildFile; fileRef = C19F964B1DFC1D7E001EAEFE /* ItemCtrlrUtilities.swift */; };
		C1E0E7171DE3F1C8006D561B /* AppDelegate.swift in Sources */ = {isa = PBXBuildFile; fileRef = C1E0E7161DE3F1C8006D561B /* AppDelegate.swift */; };
		C1E0E7191DE40115006D561B /* ffs.swift in Sources */ = {isa = PBXBuildFile; fileRef = C1E0E7181DE40115006D561B /* ffs.swift */; };
		C1E0E71F1DE419B7006D561B /* randomVC.swift in Sources */ = {isa = PBXBuildFile; fileRef = C1E0E71E1DE419B7006D561B /* randomVC.swift */; };
		C1E0E7211DE41DD7006D561B /* ItemEditor.storyboard in Resources */ = {isa = PBXBuildFile; fileRef = C1E0E7201DE41DD7006D561B /* ItemEditor.storyboard */; };
/* End PBXBuildFile section */

/* Begin PBXContainerItemProxy section */
		C144877B1DDFB4300037F7E4 /* PBXContainerItemProxy */ = {
			isa = PBXContainerItemProxy;
			containerPortal = C144875C1DDFB4300037F7E4 /* Project object */;
			proxyType = 1;
			remoteGlobalIDString = C14487631DDFB4300037F7E4;
			remoteInfo = "Game Editor";
		};
/* End PBXContainerItemProxy section */

/* Begin PBXCopyFilesBuildPhase section */
		C140C03B1DE69B1E009BB4E4 /* CopyFiles */ = {
			isa = PBXCopyFilesBuildPhase;
			buildActionMask = 2147483647;
			dstPath = /usr/share/man/man1/;
			dstSubfolderSpec = 0;
			files = (
			);
			runOnlyForDeploymentPostprocessing = 1;
		};
/* End PBXCopyFilesBuildPhase section */

/* Begin PBXFileReference section */
		C1071FEE1DEAA2E600DB6D36 /* TODO.rtf */ = {isa = PBXFileReference; fileEncoding = 4; lastKnownFileType = text.rtf; path = TODO.rtf; sourceTree = "<group>"; };
		C13EEBAD1DE7E1B500BC40F7 /* utilities.swift */ = {isa = PBXFileReference; fileEncoding = 4; lastKnownFileType = sourcecode.swift; path = utilities.swift; sourceTree = "<group>"; };
		C140C03D1DE69B1E009BB4E4 /* console */ = {isa = PBXFileReference; explicitFileType = "compiled.mach-o.executable"; includeInIndex = 0; path = console; sourceTree = BUILT_PRODUCTS_DIR; };
		C140C03F1DE69B1E009BB4E4 /* main.swift */ = {isa = PBXFileReference; lastKnownFileType = sourcecode.swift; path = main.swift; sourceTree = "<group>"; };
		C140C0441DE6F045009BB4E4 /* tests.swift */ = {isa = PBXFileReference; fileEncoding = 4; lastKnownFileType = sourcecode.swift; path = tests.swift; sourceTree = "<group>"; };
		C140C0461DE6F0B4009BB4E4 /* protocls.swift */ = {isa = PBXFileReference; fileEncoding = 4; lastKnownFileType = sourcecode.swift; path = protocls.swift; sourceTree = "<group>"; };
		C140C0481DE70701009BB4E4 /* EquipableItems.swift */ = {isa = PBXFileReference; fileEncoding = 4; lastKnownFileType = sourcecode.swift; path = EquipableItems.swift; sourceTree = "<group>"; };
		C14487641DDFB4300037F7E4 /* Game Editor.app */ = {isa = PBXFileReference; explicitFileType = wrapper.application; includeInIndex = 0; path = "Game Editor.app"; sourceTree = BUILT_PRODUCTS_DIR; };
		C14487701DDFB4300037F7E4 /* Assets.xcassets */ = {isa = PBXFileReference; lastKnownFileType = folder.assetcatalog; path = Assets.xcassets; sourceTree = "<group>"; };
		C14487731DDFB4300037F7E4 /* Base */ = {isa = PBXFileReference; lastKnownFileType = file.storyboard; name = Base; path = Base.lproj/LaunchScreen.storyboard; sourceTree = "<group>"; };
		C14487751DDFB4300037F7E4 /* Info.plist */ = {isa = PBXFileReference; lastKnownFileType = text.plist.xml; path = Info.plist; sourceTree = "<group>"; };
		C144877A1DDFB4300037F7E4 /* Game EditorTests.xctest */ = {isa = PBXFileReference; explicitFileType = wrapper.cfbundle; includeInIndex = 0; path = "Game EditorTests.xctest"; sourceTree = BUILT_PRODUCTS_DIR; };
		C144877E1DDFB4300037F7E4 /* Game_EditorTests.swift */ = {isa = PBXFileReference; lastKnownFileType = sourcecode.swift; path = Game_EditorTests.swift; sourceTree = "<group>"; };
		C14487801DDFB4300037F7E4 /* Info.plist */ = {isa = PBXFileReference; lastKnownFileType = text.plist.xml; path = Info.plist; sourceTree = "<group>"; };
		C1476A661DE50F5800200925 /* MinMax.swift */ = {isa = PBXFileReference; fileEncoding = 4; lastKnownFileType = sourcecode.swift; path = MinMax.swift; sourceTree = "<group>"; };
		C18727631DED37EC00129638 /* AlertTimer.swift */ = {isa = PBXFileReference; fileEncoding = 4; lastKnownFileType = sourcecode.swift; path = AlertTimer.swift; sourceTree = "<group>"; };
		C18727651DED383400129638 /* UDEF.swift */ = {isa = PBXFileReference; fileEncoding = 4; lastKnownFileType = sourcecode.swift; path = UDEF.swift; sourceTree = "<group>"; };
		C19F96491DFC0F58001EAEFE /* ItemControllers.swift */ = {isa = PBXFileReference; fileEncoding = 4; lastKnownFileType = sourcecode.swift; path = ItemControllers.swift; sourceTree = "<group>"; };
		C19F964B1DFC1D7E001EAEFE /* ItemCtrlrUtilities.swift */ = {isa = PBXFileReference; fileEncoding = 4; lastKnownFileType = sourcecode.swift; path = ItemCtrlrUtilities.swift; sourceTree = "<group>"; };
		C1E0E7161DE3F1C8006D561B /* AppDelegate.swift */ = {isa = PBXFileReference; fileEncoding = 4; lastKnownFileType = sourcecode.swift; path = AppDelegate.swift; sourceTree = "<group>"; };
		C1E0E7181DE40115006D561B /* ffs.swift */ = {isa = PBXFileReference; fileEncoding = 4; lastKnownFileType = sourcecode.swift; path = ffs.swift; sourceTree = "<group>"; };
		C1E0E71E1DE419B7006D561B /* randomVC.swift */ = {isa = PBXFileReference; fileEncoding = 4; lastKnownFileType = sourcecode.swift; path = randomVC.swift; sourceTree = "<group>"; };
		C1E0E7201DE41DD7006D561B /* ItemEditor.storyboard */ = {isa = PBXFileReference; fileEncoding = 4; lastKnownFileType = file.storyboard; path = ItemEditor.storyboard; sourceTree = "<group>"; };
/* End PBXFileReference section */

/* Begin PBXFrameworksBuildPhase section */
		C140C03A1DE69B1E009BB4E4 /* Frameworks */ = {
			isa = PBXFrameworksBuildPhase;
			buildActionMask = 2147483647;
			files = (
			);
			runOnlyForDeploymentPostprocessing = 0;
		};
		C14487611DDFB4300037F7E4 /* Frameworks */ = {
			isa = PBXFrameworksBuildPhase;
			buildActionMask = 2147483647;
			files = (
			);
			runOnlyForDeploymentPostprocessing = 0;
		};
		C14487771DDFB4300037F7E4 /* Frameworks */ = {
			isa = PBXFrameworksBuildPhase;
			buildActionMask = 2147483647;
			files = (
			);
			runOnlyForDeploymentPostprocessing = 0;
		};
/* End PBXFrameworksBuildPhase section */

/* Begin PBXGroup section */
		C140C03E1DE69B1E009BB4E4 /* console */ = {
			isa = PBXGroup;
			children = (
				C140C03F1DE69B1E009BB4E4 /* main.swift */,
				C13EEBAD1DE7E1B500BC40F7 /* utilities.swift */,
				C140C0461DE6F0B4009BB4E4 /* protocls.swift */,
				C140C0441DE6F045009BB4E4 /* tests.swift */,
				C1BEC2BB1DE996EF0084487E /* Views */,
				C140C04A1DE70BD5009BB4E4 /* Items */,
			);
			path = console;
			sourceTree = "<group>";
		};
		C140C04A1DE70BD5009BB4E4 /* Items */ = {
			isa = PBXGroup;
			children = (
				C140C04B1DE70BDE009BB4E4 /* Equipable */,
			);
			name = Items;
			sourceTree = "<group>";
		};
		C140C04B1DE70BDE009BB4E4 /* Equipable */ = {
			isa = PBXGroup;
			children = (
				C140C0481DE70701009BB4E4 /* EquipableItems.swift */,
			);
			name = Equipable;
			sourceTree = "<group>";
		};
		C144875B1DDFB4300037F7E4 = {
			isa = PBXGroup;
			children = (
				C1071FEE1DEAA2E600DB6D36 /* TODO.rtf */,
				C14487661DDFB4300037F7E4 /* Game Editor */,
				C144877D1DDFB4300037F7E4 /* Game EditorTests */,
				C140C03E1DE69B1E009BB4E4 /* console */,
				C14487651DDFB4300037F7E4 /* Products */,
			);
			sourceTree = "<group>";
		};
		C14487651DDFB4300037F7E4 /* Products */ = {
			isa = PBXGroup;
			children = (
				C14487641DDFB4300037F7E4 /* Game Editor.app */,
				C144877A1DDFB4300037F7E4 /* Game EditorTests.xctest */,
				C140C03D1DE69B1E009BB4E4 /* console */,
			);
			name = Products;
			sourceTree = "<group>";
		};
		C14487661DDFB4300037F7E4 /* Game Editor */ = {
			isa = PBXGroup;
			children = (
				C1476A681DE53A3400200925 /* junk */,
				C1476A651DE50F2C00200925 /* good */,
			);
			path = "Game Editor";
			sourceTree = "<group>";
		};
		C144877D1DDFB4300037F7E4 /* Game EditorTests */ = {
			isa = PBXGroup;
			children = (
				C144877E1DDFB4300037F7E4 /* Game_EditorTests.swift */,
				C14487801DDFB4300037F7E4 /* Info.plist */,
			);
			path = "Game EditorTests";
			sourceTree = "<group>";
		};
		C1476A651DE50F2C00200925 /* good */ = {
			isa = PBXGroup;
			children = (
				C1E0E7201DE41DD7006D561B /* ItemEditor.storyboard */,
				C19F96491DFC0F58001EAEFE /* ItemControllers.swift */,
				C19F964B1DFC1D7E001EAEFE /* ItemCtrlrUtilities.swift */,
				C18727681DED386200129638 /* Utility */,
			);
			name = good;
			sourceTree = "<group>";
		};
		C1476A681DE53A3400200925 /* junk */ = {
			isa = PBXGroup;
			children = (
				C1E0E7161DE3F1C8006D561B /* AppDelegate.swift */,
				C1E0E7181DE40115006D561B /* ffs.swift */,
				C14487701DDFB4300037F7E4 /* Assets.xcassets */,
				C14487721DDFB4300037F7E4 /* LaunchScreen.storyboard */,
				C1E0E71E1DE419B7006D561B /* randomVC.swift */,
				C14487751DDFB4300037F7E4 /* Info.plist */,
			);
			name = junk;
			sourceTree = "<group>";
		};
		C18727681DED386200129638 /* Utility */ = {
			isa = PBXGroup;
			children = (
				C1476A661DE50F5800200925 /* MinMax.swift */,
				C18727631DED37EC00129638 /* AlertTimer.swift */,
				C18727651DED383400129638 /* UDEF.swift */,
			);
			name = Utility;
			sourceTree = "<group>";
		};
		C1BEC2BB1DE996EF0084487E /* Views */ = {
			isa = PBXGroup;
			children = (
			);
			name = Views;
			sourceTree = "<group>";
		};
/* End PBXGroup section */

/* Begin PBXNativeTarget section */
		C140C03C1DE69B1E009BB4E4 /* console */ = {
			isa = PBXNativeTarget;
			buildConfigurationList = C140C0431DE69B1E009BB4E4 /* Build configuration list for PBXNativeTarget "console" */;
			buildPhases = (
				C140C0391DE69B1E009BB4E4 /* Sources */,
				C140C03A1DE69B1E009BB4E4 /* Frameworks */,
				C140C03B1DE69B1E009BB4E4 /* CopyFiles */,
			);
			buildRules = (
			);
			dependencies = (
			);
			name = console;
			productName = console;
			productReference = C140C03D1DE69B1E009BB4E4 /* console */;
			productType = "com.apple.product-type.tool";
		};
		C14487631DDFB4300037F7E4 /* Game Editor */ = {
			isa = PBXNativeTarget;
			buildConfigurationList = C14487831DDFB4300037F7E4 /* Build configuration list for PBXNativeTarget "Game Editor" */;
			buildPhases = (
				C14487601DDFB4300037F7E4 /* Sources */,
				C14487611DDFB4300037F7E4 /* Frameworks */,
				C14487621DDFB4300037F7E4 /* Resources */,
			);
			buildRules = (
			);
			dependencies = (
			);
			name = "Game Editor";
			productName = "Game Editor";
			productReference = C14487641DDFB4300037F7E4 /* Game Editor.app */;
			productType = "com.apple.product-type.application";
		};
		C14487791DDFB4300037F7E4 /* Game EditorTests */ = {
			isa = PBXNativeTarget;
			buildConfigurationList = C14487861DDFB4300037F7E4 /* Build configuration list for PBXNativeTarget "Game EditorTests" */;
			buildPhases = (
				C14487761DDFB4300037F7E4 /* Sources */,
				C14487771DDFB4300037F7E4 /* Frameworks */,
				C14487781DDFB4300037F7E4 /* Resources */,
			);
			buildRules = (
			);
			dependencies = (
				C144877C1DDFB4300037F7E4 /* PBXTargetDependency */,
			);
			name = "Game EditorTests";
			productName = "Game EditorTests";
			productReference = C144877A1DDFB4300037F7E4 /* Game EditorTests.xctest */;
			productType = "com.apple.product-type.bundle.unit-test";
		};
/* End PBXNativeTarget section */

/* Begin PBXProject section */
		C144875C1DDFB4300037F7E4 /* Project object */ = {
			isa = PBXProject;
			attributes = {
				LastSwiftUpdateCheck = 0810;
				LastUpgradeCheck = 0810;
				ORGANIZATIONNAME = "Dude Guy";
				TargetAttributes = {
					C140C03C1DE69B1E009BB4E4 = {
						CreatedOnToolsVersion = 8.1;
						DevelopmentTeam = UT65PER42P;
						ProvisioningStyle = Automatic;
					};
					C14487631DDFB4300037F7E4 = {
						CreatedOnToolsVersion = 8.1;
						DevelopmentTeam = UT65PER42P;
						LastSwiftMigration = 0810;
						ProvisioningStyle = Automatic;
					};
					C14487791DDFB4300037F7E4 = {
						CreatedOnToolsVersion = 8.1;
						DevelopmentTeam = UT65PER42P;
						ProvisioningStyle = Automatic;
						TestTargetID = C14487631DDFB4300037F7E4;
					};
				};
			};
			buildConfigurationList = C144875F1DDFB4300037F7E4 /* Build configuration list for PBXProject "Game Editor" */;
			compatibilityVersion = "Xcode 3.2";
			developmentRegion = English;
			hasScannedForEncodings = 0;
			knownRegions = (
				en,
				Base,
			);
			mainGroup = C144875B1DDFB4300037F7E4;
			productRefGroup = C14487651DDFB4300037F7E4 /* Products */;
			projectDirPath = "";
			projectRoot = "";
			targets = (
				C14487631DDFB4300037F7E4 /* Game Editor */,
				C14487791DDFB4300037F7E4 /* Game EditorTests */,
				C140C03C1DE69B1E009BB4E4 /* console */,
			);
		};
/* End PBXProject section */

/* Begin PBXResourcesBuildPhase section */
		C14487621DDFB4300037F7E4 /* Resources */ = {
			isa = PBXResourcesBuildPhase;
			buildActionMask = 2147483647;
			files = (
				C1071FEF1DEAA2E600DB6D36 /* TODO.rtf in Resources */,
				C1E0E7211DE41DD7006D561B /* ItemEditor.storyboard in Resources */,
				C14487741DDFB4300037F7E4 /* LaunchScreen.storyboard in Resources */,
				C14487711DDFB4300037F7E4 /* Assets.xcassets in Resources */,
			);
			runOnlyForDeploymentPostprocessing = 0;
		};
		C14487781DDFB4300037F7E4 /* Resources */ = {
			isa = PBXResourcesBuildPhase;
			buildActionMask = 2147483647;
			files = (
			);
			runOnlyForDeploymentPostprocessing = 0;
		};
/* End PBXResourcesBuildPhase section */

/* Begin PBXSourcesBuildPhase section */
		C140C0391DE69B1E009BB4E4 /* Sources */ = {
			isa = PBXSourcesBuildPhase;
			buildActionMask = 2147483647;
			files = (
				C140C0401DE69B1E009BB4E4 /* main.swift in Sources */,
				C140C0491DE70701009BB4E4 /* EquipableItems.swift in Sources */,
				C13EEBAE1DE7E1B500BC40F7 /* utilities.swift in Sources */,
				C140C0471DE6F0B4009BB4E4 /* protocls.swift in Sources */,
				C140C0451DE6F045009BB4E4 /* tests.swift in Sources */,
				C18727671DED383400129638 /* UDEF.swift in Sources */,
			);
			runOnlyForDeploymentPostprocessing = 0;
		};
		C14487601DDFB4300037F7E4 /* Sources */ = {
			isa = PBXSourcesBuildPhase;
			buildActionMask = 2147483647;
			files = (
				C100FFB71DEBE62500864C30 /* EquipableItems.swift in Sources */,
				C19F964A1DFC0F58001EAEFE /* ItemControllers.swift in Sources */,
				C1E0E71F1DE419B7006D561B /* randomVC.swift in Sources */,
				C1E0E7191DE40115006D561B /* ffs.swift in Sources */,
				C1E0E7171DE3F1C8006D561B /* AppDelegate.swift in Sources */,
				C19F964C1DFC1D7E001EAEFE /* ItemCtrlrUtilities.swift in Sources */,
				C1476A671DE50F5800200925 /* MinMax.swift in Sources */,
				C100FFB81DEBE63100864C30 /* utilities.swift in Sources */,
				C18727641DED37EC00129638 /* AlertTimer.swift in Sources */,
				C18727661DED383400129638 /* UDEF.swift in Sources */,
			);
			runOnlyForDeploymentPostprocessing = 0;
		};
		C14487761DDFB4300037F7E4 /* Sources */ = {
			isa = PBXSourcesBuildPhase;
			buildActionMask = 2147483647;
			files = (
				C144877F1DDFB4300037F7E4 /* Game_EditorTests.swift in Sources */,
			);
			runOnlyForDeploymentPostprocessing = 0;
		};
/* End PBXSourcesBuildPhase section */

/* Begin PBXTargetDependency section */
		C144877C1DDFB4300037F7E4 /* PBXTargetDependency */ = {
			isa = PBXTargetDependency;
			target = C14487631DDFB4300037F7E4 /* Game Editor */;
			targetProxy = C144877B1DDFB4300037F7E4 /* PBXContainerItemProxy */;
		};
/* End PBXTargetDependency section */

/* Begin PBXVariantGroup section */
		C14487721DDFB4300037F7E4 /* LaunchScreen.storyboard */ = {
			isa = PBXVariantGroup;
			children = (
				C14487731DDFB4300037F7E4 /* Base */,
			);
			name = LaunchScreen.storyboard;
			sourceTree = "<group>";
		};
/* End PBXVariantGroup section */

/* Begin XCBuildConfiguration section */
		C140C0411DE69B1E009BB4E4 /* Debug */ = {
			isa = XCBuildConfiguration;
			buildSettings = {
				CODE_SIGN_IDENTITY = "-";
				DEVELOPMENT_TEAM = UT65PER42P;
				MACOSX_DEPLOYMENT_TARGET = 10.11;
				PRODUCT_NAME = "$(TARGET_NAME)";
				SDKROOT = macosx;
				SWIFT_VERSION = 3.0;
			};
			name = Debug;
		};
		C140C0421DE69B1E009BB4E4 /* Release */ = {
			isa = XCBuildConfiguration;
			buildSettings = {
				CODE_SIGN_IDENTITY = "-";
				DEVELOPMENT_TEAM = UT65PER42P;
				MACOSX_DEPLOYMENT_TARGET = 10.11;
				PRODUCT_NAME = "$(TARGET_NAME)";
				SDKROOT = macosx;
				SWIFT_VERSION = 3.0;
			};
			name = Release;
		};
		C14487811DDFB4300037F7E4 /* Debug */ = {
			isa = XCBuildConfiguration;
			buildSettings = {
				ALWAYS_SEARCH_USER_PATHS = NO;
				CLANG_ANALYZER_NONNULL = YES;
				CLANG_CXX_LANGUAGE_STANDARD = "gnu++0x";
				CLANG_CXX_LIBRARY = "libc++";
				CLANG_ENABLE_MODULES = YES;
				CLANG_ENABLE_OBJC_ARC = YES;
				CLANG_WARN_BOOL_CONVERSION = YES;
				CLANG_WARN_CONSTANT_CONVERSION = YES;
				CLANG_WARN_DIRECT_OBJC_ISA_USAGE = YES_ERROR;
				CLANG_WARN_DOCUMENTATION_COMMENTS = YES;
				CLANG_WARN_EMPTY_BODY = YES;
				CLANG_WARN_ENUM_CONVERSION = YES;
				CLANG_WARN_INFINITE_RECURSION = YES;
				CLANG_WARN_INT_CONVERSION = YES;
				CLANG_WARN_OBJC_ROOT_CLASS = YES_ERROR;
				CLANG_WARN_SUSPICIOUS_MOVES = YES;
				CLANG_WARN_UNREACHABLE_CODE = YES;
				CLANG_WARN__DUPLICATE_METHOD_MATCH = YES;
				"CODE_SIGN_IDENTITY[sdk=iphoneos*]" = "iPhone Developer";
				COPY_PHASE_STRIP = NO;
				DEBUG_INFORMATION_FORMAT = dwarf;
				ENABLE_STRICT_OBJC_MSGSEND = YES;
				ENABLE_TESTABILITY = YES;
				GCC_C_LANGUAGE_STANDARD = gnu99;
				GCC_DYNAMIC_NO_PIC = NO;
				GCC_NO_COMMON_BLOCKS = YES;
				GCC_OPTIMIZATION_LEVEL = 0;
				GCC_PREPROCESSOR_DEFINITIONS = (
					"DEBUG=1",
					"$(inherited)",
				);
				GCC_WARN_64_TO_32_BIT_CONVERSION = YES;
				GCC_WARN_ABOUT_RETURN_TYPE = YES_ERROR;
				GCC_WARN_UNDECLARED_SELECTOR = YES;
				GCC_WARN_UNINITIALIZED_AUTOS = YES_AGGRESSIVE;
				GCC_WARN_UNUSED_FUNCTION = YES;
				GCC_WARN_UNUSED_VARIABLE = YES;
				IPHONEOS_DEPLOYMENT_TARGET = 10.1;
				MTL_ENABLE_DEBUG_INFO = YES;
				ONLY_ACTIVE_ARCH = YES;
				SDKROOT = iphoneos;
				SWIFT_ACTIVE_COMPILATION_CONDITIONS = DEBUG;
				SWIFT_OPTIMIZATION_LEVEL = "-Onone";
				TARGETED_DEVICE_FAMILY = "1,2";
			};
			name = Debug;
		};
		C14487821DDFB4300037F7E4 /* Release */ = {
			isa = XCBuildConfiguration;
			buildSettings = {
				ALWAYS_SEARCH_USER_PATHS = NO;
				CLANG_ANALYZER_NONNULL = YES;
				CLANG_CXX_LANGUAGE_STANDARD = "gnu++0x";
				CLANG_CXX_LIBRARY = "libc++";
				CLANG_ENABLE_MODULES = YES;
				CLANG_ENABLE_OBJC_ARC = YES;
				CLANG_WARN_BOOL_CONVERSION = YES;
				CLANG_WARN_CONSTANT_CONVERSION = YES;
				CLANG_WARN_DIRECT_OBJC_ISA_USAGE = YES_ERROR;
				CLANG_WARN_DOCUMENTATION_COMMENTS = YES;
				CLANG_WARN_EMPTY_BODY = YES;
				CLANG_WARN_ENUM_CONVERSION = YES;
				CLANG_WARN_INFINITE_RECURSION = YES;
				CLANG_WARN_INT_CONVERSION = YES;
				CLANG_WARN_OBJC_ROOT_CLASS = YES_ERROR;
				CLANG_WARN_SUSPICIOUS_MOVES = YES;
				CLANG_WARN_UNREACHABLE_CODE = YES;
				CLANG_WARN__DUPLICATE_METHOD_MATCH = YES;
				"CODE_SIGN_IDENTITY[sdk=iphoneos*]" = "iPhone Developer";
				COPY_PHASE_STRIP = NO;
				DEBUG_INFORMATION_FORMAT = "dwarf-with-dsym";
				ENABLE_NS_ASSERTIONS = NO;
				ENABLE_STRICT_OBJC_MSGSEND = YES;
				GCC_C_LANGUAGE_STANDARD = gnu99;
				GCC_NO_COMMON_BLOCKS = YES;
				GCC_WARN_64_TO_32_BIT_CONVERSION = YES;
				GCC_WARN_ABOUT_RETURN_TYPE = YES_ERROR;
				GCC_WARN_UNDECLARED_SELECTOR = YES;
				GCC_WARN_UNINITIALIZED_AUTOS = YES_AGGRESSIVE;
				GCC_WARN_UNUSED_FUNCTION = YES;
				GCC_WARN_UNUSED_VARIABLE = YES;
				IPHONEOS_DEPLOYMENT_TARGET = 10.1;
				MTL_ENABLE_DEBUG_INFO = NO;
				SDKROOT = iphoneos;
				SWIFT_OPTIMIZATION_LEVEL = "-Owholemodule";
				TARGETED_DEVICE_FAMILY = "1,2";
				VALIDATE_PRODUCT = YES;
			};
			name = Release;
		};
		C14487841DDFB4300037F7E4 /* Debug */ = {
			isa = XCBuildConfiguration;
			buildSettings = {
				ASSETCATALOG_COMPILER_APPICON_NAME = AppIcon;
				CLANG_ENABLE_MODULES = YES;
				DEVELOPMENT_TEAM = UT65PER42P;
				INFOPLIST_FILE = "Game Editor/Info.plist";
				IPHONEOS_DEPLOYMENT_TARGET = 9.0;
				LD_RUNPATH_SEARCH_PATHS = "$(inherited) @executable_path/Frameworks";
				PRODUCT_BUNDLE_IDENTIFIER = "Ziggly.Game-Editor";
				PRODUCT_NAME = "$(TARGET_NAME)";
				SWIFT_OPTIMIZATION_LEVEL = "-Onone";
				SWIFT_VERSION = 3.0;
			};
			name = Debug;
		};
		C14487851DDFB4300037F7E4 /* Release */ = {
			isa = XCBuildConfiguration;
			buildSettings = {
				ASSETCATALOG_COMPILER_APPICON_NAME = AppIcon;
				CLANG_ENABLE_MODULES = YES;
				DEVELOPMENT_TEAM = UT65PER42P;
				INFOPLIST_FILE = "Game Editor/Info.plist";
				IPHONEOS_DEPLOYMENT_TARGET = 9.0;
				LD_RUNPATH_SEARCH_PATHS = "$(inherited) @executable_path/Frameworks";
				PRODUCT_BUNDLE_IDENTIFIER = "Ziggly.Game-Editor";
				PRODUCT_NAME = "$(TARGET_NAME)";
				SWIFT_VERSION = 3.0;
			};
			name = Release;
		};
		C14487871DDFB4300037F7E4 /* Debug */ = {
			isa = XCBuildConfiguration;
			buildSettings = {
				ALWAYS_EMBED_SWIFT_STANDARD_LIBRARIES = YES;
				BUNDLE_LOADER = "$(TEST_HOST)";
				DEVELOPMENT_TEAM = UT65PER42P;
				INFOPLIST_FILE = "Game EditorTests/Info.plist";
				LD_RUNPATH_SEARCH_PATHS = "$(inherited) @executable_path/Frameworks @loader_path/Frameworks";
				PRODUCT_BUNDLE_IDENTIFIER = "Ziggly.Game-EditorTests";
				PRODUCT_NAME = "$(TARGET_NAME)";
				SWIFT_VERSION = 3.0;
				TEST_HOST = "$(BUILT_PRODUCTS_DIR)/Game Editor.app/Game Editor";
			};
			name = Debug;
		};
		C14487881DDFB4300037F7E4 /* Release */ = {
			isa = XCBuildConfiguration;
			buildSettings = {
				ALWAYS_EMBED_SWIFT_STANDARD_LIBRARIES = YES;
				BUNDLE_LOADER = "$(TEST_HOST)";
				DEVELOPMENT_TEAM = UT65PER42P;
				INFOPLIST_FILE = "Game EditorTests/Info.plist";
				LD_RUNPATH_SEARCH_PATHS = "$(inherited) @executable_path/Frameworks @loader_path/Frameworks";
				PRODUCT_BUNDLE_IDENTIFIER = "Ziggly.Game-EditorTests";
				PRODUCT_NAME = "$(TARGET_NAME)";
				SWIFT_VERSION = 3.0;
				TEST_HOST = "$(BUILT_PRODUCTS_DIR)/Game Editor.app/Game Editor";
			};
			name = Release;
		};
/* End XCBuildConfiguration section */

/* Begin XCConfigurationList section */
		C140C0431DE69B1E009BB4E4 /* Build configuration list for PBXNativeTarget "console" */ = {
			isa = XCConfigurationList;
			buildConfigurations = (
				C140C0411DE69B1E009BB4E4 /* Debug */,
				C140C0421DE69B1E009BB4E4 /* Release */,
			);
			defaultConfigurationIsVisible = 0;
			defaultConfigurationName = Release;
		};
		C144875F1DDFB4300037F7E4 /* Build configuration list for PBXProject "Game Editor" */ = {
			isa = XCConfigurationList;
			buildConfigurations = (
				C14487811DDFB4300037F7E4 /* Debug */,
				C14487821DDFB4300037F7E4 /* Release */,
			);
			defaultConfigurationIsVisible = 0;
			defaultConfigurationName = Release;
		};
		C14487831DDFB4300037F7E4 /* Build configuration list for PBXNativeTarget "Game Editor" */ = {
			isa = XCConfigurationList;
			buildConfigurations = (
				C14487841DDFB4300037F7E4 /* Debug */,
				C14487851DDFB4300037F7E4 /* Release */,
			);
			defaultConfigurationIsVisible = 0;
			defaultConfigurationName = Release;
		};
		C14487861DDFB4300037F7E4 /* Build configuration list for PBXNativeTarget "Game EditorTests" */ = {
			isa = XCConfigurationList;
			buildConfigurations = (
				C14487871DDFB4300037F7E4 /* Debug */,
				C14487881DDFB4300037F7E4 /* Release */,
			);
			defaultConfigurationIsVisible = 0;
			defaultConfigurationName = Release;
		};
/* End XCConfigurationList section */
	};
	rootObject = C144875C1DDFB4300037F7E4 /* Project object */;
}
